
Microsoft Visual Studio Solution File, Format Version 12.00
# Visual Studio Version 17
VisualStudioVersion = 17.5.33530.505
MinimumVisualStudioVersion = 10.0.40219.1
Project("{9A19103F-16F7-4668-BE54-9A1E7A4F7556}") = "StreamingService", "UnitTestWorkshop\StreamingService.csproj", "{2A487269-4A77-408A-A84B-F01C659F6D08}"
EndProject
Project("{FAE04EC0-301F-11D3-BF4B-00C04F79EFBC}") = "StreamingServiceUnitTests", "UnitTestProject\StreamingServiceUnitTests.csproj", "{3D73B909-E761-41C5-9690-0EF5D0C0A2BA}"
EndProject
Global
	GlobalSection(SolutionConfigurationPlatforms) = preSolution
		Debug|Any CPU = Debug|Any CPU
		Release|Any CPU = Release|Any CPU
	EndGlobalSection
	GlobalSection(ProjectConfigurationPlatforms) = postSolution
		{2A487269-4A77-408A-A84B-F01C659F6D08}.Debug|Any CPU.ActiveCfg = Debug|Any CPU
		{2A487269-4A77-408A-A84B-F01C659F6D08}.Debug|Any CPU.Build.0 = Debug|Any CPU
		{2A487269-4A77-408A-A84B-F01C659F6D08}.Release|Any CPU.ActiveCfg = Release|Any CPU
		{2A487269-4A77-408A-A84B-F01C659F6D08}.Release|Any CPU.Build.0 = Release|Any CPU
		{3D73B909-E761-41C5-9690-0EF5D0C0A2BA}.Debug|Any CPU.ActiveCfg = Debug|Any CPU
		{3D73B909-E761-41C5-9690-0EF5D0C0A2BA}.Debug|Any CPU.Build.0 = Debug|Any CPU
		{3D73B909-E761-41C5-9690-0EF5D0C0A2BA}.Release|Any CPU.ActiveCfg = Release|Any CPU
		{3D73B909-E761-41C5-9690-0EF5D0C0A2BA}.Release|Any CPU.Build.0 = Release|Any CPU
	EndGlobalSection
	GlobalSection(SolutionProperties) = preSolution
		HideSolutionNode = FALSE
	EndGlobalSection
	GlobalSection(ExtensibilityGlobals) = postSolution
		SolutionGuid = {6AC37561-60DE-4705-9883-84FF684F5F43}
	EndGlobalSection
EndGlobal
